
Microsoft Visual Studio Solution File, Format Version 12.00
# Visual Studio Version 17
VisualStudioVersion = 17.5.33516.290
MinimumVisualStudioVersion = 10.0.40219.1
Project("{FAE04EC0-301F-11D3-BF4B-00C04F79EFBC}") = "ExempleBuilder", "ExempleBuilder\ExempleBuilder.csproj", "{61488E08-CE39-469B-9697-DD834F39E0ED}"
EndProject
Global
	GlobalSection(SolutionConfigurationPlatforms) = preSolution
		Debug|Any CPU = Debug|Any CPU
		Release|Any CPU = Release|Any CPU
	EndGlobalSection
	GlobalSection(ProjectConfigurationPlatforms) = postSolution
		{61488E08-CE39-469B-9697-DD834F39E0ED}.Debug|Any CPU.ActiveCfg = Debug|Any CPU
		{61488E08-CE39-469B-9697-DD834F39E0ED}.Debug|Any CPU.Build.0 = Debug|Any CPU
		{61488E08-CE39-469B-9697-DD834F39E0ED}.Release|Any CPU.ActiveCfg = Release|Any CPU
		{61488E08-CE39-469B-9697-DD834F39E0ED}.Release|Any CPU.Build.0 = Release|Any CPU
	EndGlobalSection
	GlobalSection(SolutionProperties) = preSolution
		HideSolutionNode = FALSE
	EndGlobalSection
	GlobalSection(ExtensibilityGlobals) = postSolution
		SolutionGuid = {1B927A99-4CF6-47DF-8FCF-B50DC83E9A8E}
	EndGlobalSection
EndGlobal
